// !$*UTF8*$!
{
	archiveVersion = 1;
	classes = {
	};
	objectVersion = 46;
	objects = {

/* Begin PBXBuildFile section */
		16484CE11A6B4194003D1C5E /* Localizable.strings in Resources */ = {isa = PBXBuildFile; fileRef = 16484CE31A6B4194003D1C5E /* Localizable.strings */; };
		16484CE71A6B434F003D1C5E /* StringExtension.swift in Sources */ = {isa = PBXBuildFile; fileRef = 16484CE61A6B434F003D1C5E /* StringExtension.swift */; };
		16484CEA1A6B588E003D1C5E /* InfoPlist.strings in Resources */ = {isa = PBXBuildFile; fileRef = 16484CEC1A6B588E003D1C5E /* InfoPlist.strings */; };
		1656FD321A6A811700BC0DC1 /* BudgetCalculator.swift in Sources */ = {isa = PBXBuildFile; fileRef = 1656FD311A6A811700BC0DC1 /* BudgetCalculator.swift */; };
		1656FD341A6A81A000BC0DC1 /* BudgetParameter.swift in Sources */ = {isa = PBXBuildFile; fileRef = 1656FD331A6A819F00BC0DC1 /* BudgetParameter.swift */; };
		1656FD361A6A821400BC0DC1 /* BudgetEngine.swift in Sources */ = {isa = PBXBuildFile; fileRef = 1656FD351A6A821400BC0DC1 /* BudgetEngine.swift */; };
		1656FD381A6A856C00BC0DC1 /* BudgetSection.swift in Sources */ = {isa = PBXBuildFile; fileRef = 1656FD371A6A856C00BC0DC1 /* BudgetSection.swift */; };
		1656FD3A1A6A869800BC0DC1 /* BudgetItem.swift in Sources */ = {isa = PBXBuildFile; fileRef = 1656FD391A6A869800BC0DC1 /* BudgetItem.swift */; };
		1656FD3C1A6AAB5A00BC0DC1 /* Budget.swift in Sources */ = {isa = PBXBuildFile; fileRef = 1656FD3B1A6AAB5A00BC0DC1 /* Budget.swift */; };
		16E1DF221A69FA1200FD4D74 /* AppDelegate.swift in Sources */ = {isa = PBXBuildFile; fileRef = 16E1DF211A69FA1200FD4D74 /* AppDelegate.swift */; };
		16E1DF251A69FA1200FD4D74 /* GolfCompetitionBudget.xcdatamodeld in Sources */ = {isa = PBXBuildFile; fileRef = 16E1DF231A69FA1200FD4D74 /* GolfCompetitionBudget.xcdatamodeld */; };
		16E1DF2A1A69FA1200FD4D74 /* Main.storyboard in Resources */ = {isa = PBXBuildFile; fileRef = 16E1DF281A69FA1200FD4D74 /* Main.storyboard */; };
		16E1DF2C1A69FA1200FD4D74 /* Images.xcassets in Resources */ = {isa = PBXBuildFile; fileRef = 16E1DF2B1A69FA1200FD4D74 /* Images.xcassets */; };
		16E1DF2F1A69FA1200FD4D74 /* LaunchScreen.xib in Resources */ = {isa = PBXBuildFile; fileRef = 16E1DF2D1A69FA1200FD4D74 /* LaunchScreen.xib */; };
		16E1DF3B1A69FA1200FD4D74 /* GolfCompetitionBudgetTests.swift in Sources */ = {isa = PBXBuildFile; fileRef = 16E1DF3A1A69FA1200FD4D74 /* GolfCompetitionBudgetTests.swift */; };
		16E1DF461A6A012100FD4D74 /* BudgetParametersViewController.swift in Sources */ = {isa = PBXBuildFile; fileRef = 16E1DF451A6A012100FD4D74 /* BudgetParametersViewController.swift */; };
		16E1DF481A6A45C400FD4D74 /* BudgetTableViewController.swift in Sources */ = {isa = PBXBuildFile; fileRef = 16E1DF471A6A45C400FD4D74 /* BudgetTableViewController.swift */; };
/* End PBXBuildFile section */

/* Begin PBXContainerItemProxy section */
		16E1DF351A69FA1200FD4D74 /* PBXContainerItemProxy */ = {
			isa = PBXContainerItemProxy;
			containerPortal = 16E1DF141A69FA1200FD4D74 /* Project object */;
			proxyType = 1;
			remoteGlobalIDString = 16E1DF1B1A69FA1200FD4D74;
			remoteInfo = GolfCompetitionBudget;
		};
/* End PBXContainerItemProxy section */

/* Begin PBXFileReference section */
		16484CE21A6B4194003D1C5E /* Base */ = {isa = PBXFileReference; lastKnownFileType = text.plist.strings; name = Base; path = Base.lproj/Localizable.strings; sourceTree = "<group>"; };
		16484CE41A6B4197003D1C5E /* ja */ = {isa = PBXFileReference; lastKnownFileType = text.plist.strings; name = ja; path = ja.lproj/Localizable.strings; sourceTree = "<group>"; };
		16484CE61A6B434F003D1C5E /* StringExtension.swift */ = {isa = PBXFileReference; fileEncoding = 4; lastKnownFileType = sourcecode.swift; path = StringExtension.swift; sourceTree = "<group>"; };
		16484CEB1A6B588E003D1C5E /* Base */ = {isa = PBXFileReference; lastKnownFileType = text.plist.strings; name = Base; path = Base.lproj/InfoPlist.strings; sourceTree = "<group>"; };
		16484CED1A6B5890003D1C5E /* ja */ = {isa = PBXFileReference; lastKnownFileType = text.plist.strings; name = ja; path = ja.lproj/InfoPlist.strings; sourceTree = "<group>"; };
		1656FD311A6A811700BC0DC1 /* BudgetCalculator.swift */ = {isa = PBXFileReference; fileEncoding = 4; lastKnownFileType = sourcecode.swift; path = BudgetCalculator.swift; sourceTree = "<group>"; };
		1656FD331A6A819F00BC0DC1 /* BudgetParameter.swift */ = {isa = PBXFileReference; fileEncoding = 4; lastKnownFileType = sourcecode.swift; path = BudgetParameter.swift; sourceTree = "<group>"; };
		1656FD351A6A821400BC0DC1 /* BudgetEngine.swift */ = {isa = PBXFileReference; fileEncoding = 4; lastKnownFileType = sourcecode.swift; path = BudgetEngine.swift; sourceTree = "<group>"; };
		1656FD371A6A856C00BC0DC1 /* BudgetSection.swift */ = {isa = PBXFileReference; fileEncoding = 4; lastKnownFileType = sourcecode.swift; path = BudgetSection.swift; sourceTree = "<group>"; };
		1656FD391A6A869800BC0DC1 /* BudgetItem.swift */ = {isa = PBXFileReference; fileEncoding = 4; lastKnownFileType = sourcecode.swift; path = BudgetItem.swift; sourceTree = "<group>"; };
		1656FD3B1A6AAB5A00BC0DC1 /* Budget.swift */ = {isa = PBXFileReference; fileEncoding = 4; lastKnownFileType = sourcecode.swift; path = Budget.swift; sourceTree = "<group>"; };
		1656FD3D1A6B3C7000BC0DC1 /* ja */ = {isa = PBXFileReference; lastKnownFileType = text.plist.strings; name = ja; path = ja.lproj/Main.strings; sourceTree = "<group>"; };
		1656FD3E1A6B3C7000BC0DC1 /* ja */ = {isa = PBXFileReference; lastKnownFileType = text.plist.strings; name = ja; path = ja.lproj/LaunchScreen.strings; sourceTree = "<group>"; };
		16E1DF1C1A69FA1200FD4D74 /* GolfCompetitionBudget.app */ = {isa = PBXFileReference; explicitFileType = wrapper.application; includeInIndex = 0; path = GolfCompetitionBudget.app; sourceTree = BUILT_PRODUCTS_DIR; };
		16E1DF201A69FA1200FD4D74 /* Info.plist */ = {isa = PBXFileReference; lastKnownFileType = text.plist.xml; path = Info.plist; sourceTree = "<group>"; };
		16E1DF211A69FA1200FD4D74 /* AppDelegate.swift */ = {isa = PBXFileReference; lastKnownFileType = sourcecode.swift; path = AppDelegate.swift; sourceTree = "<group>"; };
		16E1DF241A69FA1200FD4D74 /* GolfCompetitionBudget.xcdatamodel */ = {isa = PBXFileReference; lastKnownFileType = wrapper.xcdatamodel; path = GolfCompetitionBudget.xcdatamodel; sourceTree = "<group>"; };
		16E1DF291A69FA1200FD4D74 /* Base */ = {isa = PBXFileReference; lastKnownFileType = file.storyboard; name = Base; path = Base.lproj/Main.storyboard; sourceTree = "<group>"; };
		16E1DF2B1A69FA1200FD4D74 /* Images.xcassets */ = {isa = PBXFileReference; lastKnownFileType = folder.assetcatalog; path = Images.xcassets; sourceTree = "<group>"; };
		16E1DF2E1A69FA1200FD4D74 /* Base */ = {isa = PBXFileReference; lastKnownFileType = file.xib; name = Base; path = Base.lproj/LaunchScreen.xib; sourceTree = "<group>"; };
		16E1DF341A69FA1200FD4D74 /* GolfCompetitionBudgetTests.xctest */ = {isa = PBXFileReference; explicitFileType = wrapper.cfbundle; includeInIndex = 0; path = GolfCompetitionBudgetTests.xctest; sourceTree = BUILT_PRODUCTS_DIR; };
		16E1DF391A69FA1200FD4D74 /* Info.plist */ = {isa = PBXFileReference; lastKnownFileType = text.plist.xml; path = Info.plist; sourceTree = "<group>"; };
		16E1DF3A1A69FA1200FD4D74 /* GolfCompetitionBudgetTests.swift */ = {isa = PBXFileReference; lastKnownFileType = sourcecode.swift; path = GolfCompetitionBudgetTests.swift; sourceTree = "<group>"; };
		16E1DF451A6A012100FD4D74 /* BudgetParametersViewController.swift */ = {isa = PBXFileReference; fileEncoding = 4; lastKnownFileType = sourcecode.swift; path = BudgetParametersViewController.swift; sourceTree = "<group>"; };
		16E1DF471A6A45C400FD4D74 /* BudgetTableViewController.swift */ = {isa = PBXFileReference; fileEncoding = 4; lastKnownFileType = sourcecode.swift; path = BudgetTableViewController.swift; sourceTree = "<group>"; };
/* End PBXFileReference section */

/* Begin PBXFrameworksBuildPhase section */
		16E1DF191A69FA1200FD4D74 /* Frameworks */ = {
			isa = PBXFrameworksBuildPhase;
			buildActionMask = 2147483647;
			files = (
			);
			runOnlyForDeploymentPostprocessing = 0;
		};
		16E1DF311A69FA1200FD4D74 /* Frameworks */ = {
			isa = PBXFrameworksBuildPhase;
			buildActionMask = 2147483647;
			files = (
			);
			runOnlyForDeploymentPostprocessing = 0;
		};
/* End PBXFrameworksBuildPhase section */

/* Begin PBXGroup section */
		16484CE51A6B4311003D1C5E /* Utilities */ = {
			isa = PBXGroup;
			children = (
				16484CE61A6B434F003D1C5E /* StringExtension.swift */,
			);
			path = Utilities;
			sourceTree = "<group>";
		};
		1656FD301A6A803900BC0DC1 /* Budget */ = {
			isa = PBXGroup;
			children = (
				1656FD311A6A811700BC0DC1 /* BudgetCalculator.swift */,
				1656FD331A6A819F00BC0DC1 /* BudgetParameter.swift */,
				1656FD351A6A821400BC0DC1 /* BudgetEngine.swift */,
				1656FD371A6A856C00BC0DC1 /* BudgetSection.swift */,
				1656FD391A6A869800BC0DC1 /* BudgetItem.swift */,
				1656FD3B1A6AAB5A00BC0DC1 /* Budget.swift */,
			);
			path = Budget;
			sourceTree = "<group>";
		};
		16E1DF131A69FA1200FD4D74 = {
			isa = PBXGroup;
			children = (
				16E1DF1E1A69FA1200FD4D74 /* GolfCompetitionBudget */,
				16E1DF371A69FA1200FD4D74 /* GolfCompetitionBudgetTests */,
				16E1DF1D1A69FA1200FD4D74 /* Products */,
			);
			sourceTree = "<group>";
		};
		16E1DF1D1A69FA1200FD4D74 /* Products */ = {
			isa = PBXGroup;
			children = (
				16E1DF1C1A69FA1200FD4D74 /* GolfCompetitionBudget.app */,
				16E1DF341A69FA1200FD4D74 /* GolfCompetitionBudgetTests.xctest */,
			);
			name = Products;
			sourceTree = "<group>";
		};
		16E1DF1E1A69FA1200FD4D74 /* GolfCompetitionBudget */ = {
			isa = PBXGroup;
			children = (
				16484CE51A6B4311003D1C5E /* Utilities */,
				1656FD301A6A803900BC0DC1 /* Budget */,
				16E1DF441A69FF8D00FD4D74 /* ViewControllers */,
				16E1DF211A69FA1200FD4D74 /* AppDelegate.swift */,
				16E1DF281A69FA1200FD4D74 /* Main.storyboard */,
				16E1DF2B1A69FA1200FD4D74 /* Images.xcassets */,
				16E1DF2D1A69FA1200FD4D74 /* LaunchScreen.xib */,
				16E1DF231A69FA1200FD4D74 /* GolfCompetitionBudget.xcdatamodeld */,
				16E1DF1F1A69FA1200FD4D74 /* Supporting Files */,
				16484CE31A6B4194003D1C5E /* Localizable.strings */,
			);
			path = GolfCompetitionBudget;
			sourceTree = "<group>";
		};
		16E1DF1F1A69FA1200FD4D74 /* Supporting Files */ = {
			isa = PBXGroup;
			children = (
				16E1DF201A69FA1200FD4D74 /* Info.plist */,
				16484CEC1A6B588E003D1C5E /* InfoPlist.strings */,
			);
			name = "Supporting Files";
			sourceTree = "<group>";
		};
		16E1DF371A69FA1200FD4D74 /* GolfCompetitionBudgetTests */ = {
			isa = PBXGroup;
			children = (
				16E1DF3A1A69FA1200FD4D74 /* GolfCompetitionBudgetTests.swift */,
				16E1DF381A69FA1200FD4D74 /* Supporting Files */,
			);
			path = GolfCompetitionBudgetTests;
			sourceTree = "<group>";
		};
		16E1DF381A69FA1200FD4D74 /* Supporting Files */ = {
			isa = PBXGroup;
			children = (
				16E1DF391A69FA1200FD4D74 /* Info.plist */,
			);
			name = "Supporting Files";
			sourceTree = "<group>";
		};
		16E1DF441A69FF8D00FD4D74 /* ViewControllers */ = {
			isa = PBXGroup;
			children = (
				16E1DF451A6A012100FD4D74 /* BudgetParametersViewController.swift */,
				16E1DF471A6A45C400FD4D74 /* BudgetTableViewController.swift */,
			);
			path = ViewControllers;
			sourceTree = "<group>";
		};
/* End PBXGroup section */

/* Begin PBXNativeTarget section */
		16E1DF1B1A69FA1200FD4D74 /* GolfCompetitionBudget */ = {
			isa = PBXNativeTarget;
			buildConfigurationList = 16E1DF3E1A69FA1200FD4D74 /* Build configuration list for PBXNativeTarget "GolfCompetitionBudget" */;
			buildPhases = (
				16E1DF181A69FA1200FD4D74 /* Sources */,
				16E1DF191A69FA1200FD4D74 /* Frameworks */,
				16E1DF1A1A69FA1200FD4D74 /* Resources */,
			);
			buildRules = (
			);
			dependencies = (
			);
			name = GolfCompetitionBudget;
			productName = GolfCompetitionBudget;
			productReference = 16E1DF1C1A69FA1200FD4D74 /* GolfCompetitionBudget.app */;
			productType = "com.apple.product-type.application";
		};
		16E1DF331A69FA1200FD4D74 /* GolfCompetitionBudgetTests */ = {
			isa = PBXNativeTarget;
			buildConfigurationList = 16E1DF411A69FA1200FD4D74 /* Build configuration list for PBXNativeTarget "GolfCompetitionBudgetTests" */;
			buildPhases = (
				16E1DF301A69FA1200FD4D74 /* Sources */,
				16E1DF311A69FA1200FD4D74 /* Frameworks */,
				16E1DF321A69FA1200FD4D74 /* Resources */,
			);
			buildRules = (
			);
			dependencies = (
				16E1DF361A69FA1200FD4D74 /* PBXTargetDependency */,
			);
			name = GolfCompetitionBudgetTests;
			productName = GolfCompetitionBudgetTests;
			productReference = 16E1DF341A69FA1200FD4D74 /* GolfCompetitionBudgetTests.xctest */;
			productType = "com.apple.product-type.bundle.unit-test";
		};
/* End PBXNativeTarget section */

/* Begin PBXProject section */
		16E1DF141A69FA1200FD4D74 /* Project object */ = {
			isa = PBXProject;
			attributes = {
				LastSwiftMigration = 0730;
				LastSwiftUpdateCheck = 0730;
				LastUpgradeCheck = 0730;
				ORGANIZATIONNAME = "Takashi Ikeda";
				TargetAttributes = {
					16E1DF1B1A69FA1200FD4D74 = {
						CreatedOnToolsVersion = 6.1.1;
					};
					16E1DF331A69FA1200FD4D74 = {
						CreatedOnToolsVersion = 6.1.1;
						TestTargetID = 16E1DF1B1A69FA1200FD4D74;
					};
				};
			};
			buildConfigurationList = 16E1DF171A69FA1200FD4D74 /* Build configuration list for PBXProject "GolfCompetitionBudget" */;
			compatibilityVersion = "Xcode 3.2";
			developmentRegion = English;
			hasScannedForEncodings = 0;
			knownRegions = (
				en,
				Base,
				ja,
			);
			mainGroup = 16E1DF131A69FA1200FD4D74;
			productRefGroup = 16E1DF1D1A69FA1200FD4D74 /* Products */;
			projectDirPath = "";
			projectRoot = "";
			targets = (
				16E1DF1B1A69FA1200FD4D74 /* GolfCompetitionBudget */,
				16E1DF331A69FA1200FD4D74 /* GolfCompetitionBudgetTests */,
			);
		};
/* End PBXProject section */

/* Begin PBXResourcesBuildPhase section */
		16E1DF1A1A69FA1200FD4D74 /* Resources */ = {
			isa = PBXResourcesBuildPhase;
			buildActionMask = 2147483647;
			files = (
				16E1DF2A1A69FA1200FD4D74 /* Main.storyboard in Resources */,
				16484CE11A6B4194003D1C5E /* Localizable.strings in Resources */,
				16E1DF2F1A69FA1200FD4D74 /* LaunchScreen.xib in Resources */,
				16E1DF2C1A69FA1200FD4D74 /* Images.xcassets in Resources */,
				16484CEA1A6B588E003D1C5E /* InfoPlist.strings in Resources */,
			);
			runOnlyForDeploymentPostprocessing = 0;
		};
		16E1DF321A69FA1200FD4D74 /* Resources */ = {
			isa = PBXResourcesBuildPhase;
			buildActionMask = 2147483647;
			files = (
			);
			runOnlyForDeploymentPostprocessing = 0;
		};
/* End PBXResourcesBuildPhase section */

/* Begin PBXSourcesBuildPhase section */
		16E1DF181A69FA1200FD4D74 /* Sources */ = {
			isa = PBXSourcesBuildPhase;
			buildActionMask = 2147483647;
			files = (
				16E1DF481A6A45C400FD4D74 /* BudgetTableViewController.swift in Sources */,
				1656FD361A6A821400BC0DC1 /* BudgetEngine.swift in Sources */,
				1656FD3C1A6AAB5A00BC0DC1 /* Budget.swift in Sources */,
				1656FD321A6A811700BC0DC1 /* BudgetCalculator.swift in Sources */,
				1656FD341A6A81A000BC0DC1 /* BudgetParameter.swift in Sources */,
				16E1DF251A69FA1200FD4D74 /* GolfCompetitionBudget.xcdatamodeld in Sources */,
				16E1DF461A6A012100FD4D74 /* BudgetParametersViewController.swift in Sources */,
				1656FD3A1A6A869800BC0DC1 /* BudgetItem.swift in Sources */,
				1656FD381A6A856C00BC0DC1 /* BudgetSection.swift in Sources */,
				16484CE71A6B434F003D1C5E /* StringExtension.swift in Sources */,
				16E1DF221A69FA1200FD4D74 /* AppDelegate.swift in Sources */,
			);
			runOnlyForDeploymentPostprocessing = 0;
		};
		16E1DF301A69FA1200FD4D74 /* Sources */ = {
			isa = PBXSourcesBuildPhase;
			buildActionMask = 2147483647;
			files = (
				16E1DF3B1A69FA1200FD4D74 /* GolfCompetitionBudgetTests.swift in Sources */,
			);
			runOnlyForDeploymentPostprocessing = 0;
		};
/* End PBXSourcesBuildPhase section */

/* Begin PBXTargetDependency section */
		16E1DF361A69FA1200FD4D74 /* PBXTargetDependency */ = {
			isa = PBXTargetDependency;
			target = 16E1DF1B1A69FA1200FD4D74 /* GolfCompetitionBudget */;
			targetProxy = 16E1DF351A69FA1200FD4D74 /* PBXContainerItemProxy */;
		};
/* End PBXTargetDependency section */

/* Begin PBXVariantGroup section */
		16484CE31A6B4194003D1C5E /* Localizable.strings */ = {
			isa = PBXVariantGroup;
			children = (
				16484CE21A6B4194003D1C5E /* Base */,
				16484CE41A6B4197003D1C5E /* ja */,
			);
			name = Localizable.strings;
			sourceTree = "<group>";
		};
		16484CEC1A6B588E003D1C5E /* InfoPlist.strings */ = {
			isa = PBXVariantGroup;
			children = (
				16484CEB1A6B588E003D1C5E /* Base */,
				16484CED1A6B5890003D1C5E /* ja */,
			);
			name = InfoPlist.strings;
			sourceTree = "<group>";
		};
		16E1DF281A69FA1200FD4D74 /* Main.storyboard */ = {
			isa = PBXVariantGroup;
			children = (
				16E1DF291A69FA1200FD4D74 /* Base */,
				1656FD3D1A6B3C7000BC0DC1 /* ja */,
			);
			name = Main.storyboard;
			sourceTree = "<group>";
		};
		16E1DF2D1A69FA1200FD4D74 /* LaunchScreen.xib */ = {
			isa = PBXVariantGroup;
			children = (
				16E1DF2E1A69FA1200FD4D74 /* Base */,
				1656FD3E1A6B3C7000BC0DC1 /* ja */,
			);
			name = LaunchScreen.xib;
			sourceTree = "<group>";
		};
/* End PBXVariantGroup section */

/* Begin XCBuildConfiguration section */
		16E1DF3C1A69FA1200FD4D74 /* Debug */ = {
			isa = XCBuildConfiguration;
			buildSettings = {
				ALWAYS_SEARCH_USER_PATHS = NO;
				CLANG_CXX_LANGUAGE_STANDARD = "gnu++0x";
				CLANG_CXX_LIBRARY = "libc++";
				CLANG_ENABLE_MODULES = YES;
				CLANG_ENABLE_OBJC_ARC = YES;
				CLANG_WARN_BOOL_CONVERSION = YES;
				CLANG_WARN_CONSTANT_CONVERSION = YES;
				CLANG_WARN_DIRECT_OBJC_ISA_USAGE = YES_ERROR;
				CLANG_WARN_EMPTY_BODY = YES;
				CLANG_WARN_ENUM_CONVERSION = YES;
				CLANG_WARN_INT_CONVERSION = YES;
				CLANG_WARN_OBJC_ROOT_CLASS = YES_ERROR;
				CLANG_WARN_UNREACHABLE_CODE = YES;
				CLANG_WARN__DUPLICATE_METHOD_MATCH = YES;
				"CODE_SIGN_IDENTITY[sdk=iphoneos*]" = "iPhone Developer";
				COPY_PHASE_STRIP = NO;
				ENABLE_STRICT_OBJC_MSGSEND = YES;
				GCC_C_LANGUAGE_STANDARD = gnu99;
				GCC_DYNAMIC_NO_PIC = NO;
				GCC_OPTIMIZATION_LEVEL = 0;
				GCC_PREPROCESSOR_DEFINITIONS = (
					"DEBUG=1",
					"$(inherited)",
				);
				GCC_SYMBOLS_PRIVATE_EXTERN = NO;
				GCC_WARN_64_TO_32_BIT_CONVERSION = YES;
				GCC_WARN_ABOUT_RETURN_TYPE = YES_ERROR;
				GCC_WARN_UNDECLARED_SELECTOR = YES;
				GCC_WARN_UNINITIALIZED_AUTOS = YES_AGGRESSIVE;
				GCC_WARN_UNUSED_FUNCTION = YES;
				GCC_WARN_UNUSED_VARIABLE = YES;
				IPHONEOS_DEPLOYMENT_TARGET = 8.1;
				MTL_ENABLE_DEBUG_INFO = YES;
				ONLY_ACTIVE_ARCH = YES;
				SDKROOT = iphoneos;
				SWIFT_OPTIMIZATION_LEVEL = "-Onone";
			};
			name = Debug;
		};
		16E1DF3D1A69FA1200FD4D74 /* Release */ = {
			isa = XCBuildConfiguration;
			buildSettings = {
				ALWAYS_SEARCH_USER_PATHS = NO;
				CLANG_CXX_LANGUAGE_STANDARD = "gnu++0x";
				CLANG_CXX_LIBRARY = "libc++";
				CLANG_ENABLE_MODULES = YES;
				CLANG_ENABLE_OBJC_ARC = YES;
				CLANG_WARN_BOOL_CONVERSION = YES;
				CLANG_WARN_CONSTANT_CONVERSION = YES;
				CLANG_WARN_DIRECT_OBJC_ISA_USAGE = YES_ERROR;
				CLANG_WARN_EMPTY_BODY = YES;
				CLANG_WARN_ENUM_CONVERSION = YES;
				CLANG_WARN_INT_CONVERSION = YES;
				CLANG_WARN_OBJC_ROOT_CLASS = YES_ERROR;
				CLANG_WARN_UNREACHABLE_CODE = YES;
				CLANG_WARN__DUPLICATE_METHOD_MATCH = YES;
				"CODE_SIGN_IDENTITY[sdk=iphoneos*]" = "iPhone Developer";
				COPY_PHASE_STRIP = YES;
				ENABLE_NS_ASSERTIONS = NO;
				ENABLE_STRICT_OBJC_MSGSEND = YES;
				GCC_C_LANGUAGE_STANDARD = gnu99;
				GCC_WARN_64_TO_32_BIT_CONVERSION = YES;
				GCC_WARN_ABOUT_RETURN_TYPE = YES_ERROR;
				GCC_WARN_UNDECLARED_SELECTOR = YES;
				GCC_WARN_UNINITIALIZED_AUTOS = YES_AGGRESSIVE;
				GCC_WARN_UNUSED_FUNCTION = YES;
				GCC_WARN_UNUSED_VARIABLE = YES;
				IPHONEOS_DEPLOYMENT_TARGET = 8.1;
				MTL_ENABLE_DEBUG_INFO = NO;
				SDKROOT = iphoneos;
				VALIDATE_PRODUCT = YES;
			};
			name = Release;
		};
		16E1DF3F1A69FA1200FD4D74 /* Debug */ = {
			isa = XCBuildConfiguration;
			buildSettings = {
				ASSETCATALOG_COMPILER_APPICON_NAME = AppIcon;
				CODE_SIGN_IDENTITY = "iPhone Developer";
				INFOPLIST_FILE = GolfCompetitionBudget/Info.plist;
				LD_RUNPATH_SEARCH_PATHS = "$(inherited) @executable_path/Frameworks";
				PRODUCT_BUNDLE_IDENTIFIER = "jp.cafe.$(PRODUCT_NAME:rfc1034identifier)";
				PRODUCT_NAME = "$(TARGET_NAME)";
			};
			name = Debug;
		};
		16E1DF401A69FA1200FD4D74 /* Release */ = {
			isa = XCBuildConfiguration;
			buildSettings = {
				ASSETCATALOG_COMPILER_APPICON_NAME = AppIcon;
				CODE_SIGN_IDENTITY = "iPhone Distribution";
				INFOPLIST_FILE = GolfCompetitionBudget/Info.plist;
				LD_RUNPATH_SEARCH_PATHS = "$(inherited) @executable_path/Frameworks";
				PRODUCT_BUNDLE_IDENTIFIER = "jp.cafe.$(PRODUCT_NAME:rfc1034identifier)";
				PRODUCT_NAME = "$(TARGET_NAME)";
			};
			name = Release;
		};
		16E1DF421A69FA1200FD4D74 /* Debug */ = {
			isa = XCBuildConfiguration;
			buildSettings = {
				BUNDLE_LOADER = "$(TEST_HOST)";
				FRAMEWORK_SEARCH_PATHS = (
					"$(SDKROOT)/Developer/Library/Frameworks",
					"$(inherited)",
				);
				GCC_PREPROCESSOR_DEFINITIONS = (
					"DEBUG=1",
					"$(inherited)",
				);
				INFOPLIST_FILE = GolfCompetitionBudgetTests/Info.plist;
				LD_RUNPATH_SEARCH_PATHS = "$(inherited) @executable_path/Frameworks @loader_path/Frameworks";
				PRODUCT_BUNDLE_IDENTIFIER = "jp.cafe.$(PRODUCT_NAME:rfc1034identifier)";
				PRODUCT_NAME = "$(TARGET_NAME)";
				TEST_HOST = "$(BUILT_PRODUCTS_DIR)/GolfCompetitionBudget.app/GolfCompetitionBudget";
			};
			name = Debug;
		};
		16E1DF431A69FA1200FD4D74 /* Release */ = {
			isa = XCBuildConfiguration;
			buildSettings = {
				BUNDLE_LOADER = "$(TEST_HOST)";
				FRAMEWORK_SEARCH_PATHS = (
					"$(SDKROOT)/Developer/Library/Frameworks",
					"$(inherited)",
				);
				INFOPLIST_FILE = GolfCompetitionBudgetTests/Info.plist;
				LD_RUNPATH_SEARCH_PATHS = "$(inherited) @executable_path/Frameworks @loader_path/Frameworks";
				PRODUCT_BUNDLE_IDENTIFIER = "jp.cafe.$(PRODUCT_NAME:rfc1034identifier)";
				PRODUCT_NAME = "$(TARGET_NAME)";
				TEST_HOST = "$(BUILT_PRODUCTS_DIR)/GolfCompetitionBudget.app/GolfCompetitionBudget";
			};
			name = Release;
		};
/* End XCBuildConfiguration section */

/* Begin XCConfigurationList section */
		16E1DF171A69FA1200FD4D74 /* Build configuration list for PBXProject "GolfCompetitionBudget" */ = {
			isa = XCConfigurationList;
			buildConfigurations = (
				16E1DF3C1A69FA1200FD4D74 /* Debug */,
				16E1DF3D1A69FA1200FD4D74 /* Release */,
			);
			defaultConfigurationIsVisible = 0;
			defaultConfigurationName = Release;
		};
		16E1DF3E1A69FA1200FD4D74 /* Build configuration list for PBXNativeTarget "GolfCompetitionBudget" */ = {
			isa = XCConfigurationList;
			buildConfigurations = (
				16E1DF3F1A69FA1200FD4D74 /* Debug */,
				16E1DF401A69FA1200FD4D74 /* Release */,
			);
			defaultConfigurationIsVisible = 0;
			defaultConfigurationName = Release;
		};
		16E1DF411A69FA1200FD4D74 /* Build configuration list for PBXNativeTarget "GolfCompetitionBudgetTests" */ = {
			isa = XCConfigurationList;
			buildConfigurations = (
				16E1DF421A69FA1200FD4D74 /* Debug */,
				16E1DF431A69FA1200FD4D74 /* Release */,
			);
			defaultConfigurationIsVisible = 0;
			defaultConfigurationName = Release;
		};
/* End XCConfigurationList section */

/* Begin XCVersionGroup section */
		16E1DF231A69FA1200FD4D74 /* GolfCompetitionBudget.xcdatamodeld */ = {
			isa = XCVersionGroup;
			children = (
				16E1DF241A69FA1200FD4D74 /* GolfCompetitionBudget.xcdatamodel */,
			);
			currentVersion = 16E1DF241A69FA1200FD4D74 /* GolfCompetitionBudget.xcdatamodel */;
			path = GolfCompetitionBudget.xcdatamodeld;
			sourceTree = "<group>";
			versionGroupType = wrapper.xcdatamodel;
		};
/* End XCVersionGroup section */
	};
	rootObject = 16E1DF141A69FA1200FD4D74 /* Project object */;
}
